// !$*UTF8*$!
{
	archiveVersion = 1;
	classes = {
	};
	objectVersion = 48;
	objects = {

/* Begin PBXBuildFile section */
		4A27E27D239FCEA800C4BF75 /* NotificationName.swift in Sources */ = {isa = PBXBuildFile; fileRef = 4A27E27C239FCEA800C4BF75 /* NotificationName.swift */; };
		4A27E27F239FF36D00C4BF75 /* PassthroughView.swift in Sources */ = {isa = PBXBuildFile; fileRef = 4A27E27E239FF36D00C4BF75 /* PassthroughView.swift */; };
		4A56952F2058186800C8065E /* aruco.framework in Frameworks */ = {isa = PBXBuildFile; fileRef = 4A56952D2058186800C8065E /* aruco.framework */; };
		4A5695302058186800C8065E /* opencv2.framework in Frameworks */ = {isa = PBXBuildFile; fileRef = 4A56952E2058186800C8065E /* opencv2.framework */; };
		4A5695322058192B00C8065E /* UserStudyIDListTableViewController.swift in Sources */ = {isa = PBXBuildFile; fileRef = 4A5695312058192B00C8065E /* UserStudyIDListTableViewController.swift */; };
		4A5695342058195200C8065E /* UserStudyRecordsListTableViewController.swift in Sources */ = {isa = PBXBuildFile; fileRef = 4A5695332058195200C8065E /* UserStudyRecordsListTableViewController.swift */; };
		4A56953720581B4500C8065E /* UserStudyRecord.swift in Sources */ = {isa = PBXBuildFile; fileRef = 4A56953620581B4500C8065E /* UserStudyRecord.swift */; };
		4A56953920581B6700C8065E /* UserStudyRecordManager.swift in Sources */ = {isa = PBXBuildFile; fileRef = 4A56953820581B6700C8065E /* UserStudyRecordManager.swift */; };
		4A56953B20581B9000C8065E /* UserStudyRecordPluginProtocol.swift in Sources */ = {isa = PBXBuildFile; fileRef = 4A56953A20581B9000C8065E /* UserStudyRecordPluginProtocol.swift */; };
		4A59BA1E2244E66D00EA23E7 /* TranslationDemoPlugin.swift in Sources */ = {isa = PBXBuildFile; fileRef = 4A59BA1D2244E66D00EA23E7 /* TranslationDemoPlugin.swift */; };
		4A59BA262244E69400EA23E7 /* CombinationPlugin.swift in Sources */ = {isa = PBXBuildFile; fileRef = 4A59BA252244E69400EA23E7 /* CombinationPlugin.swift */; };
		4A895F0A2052791100CC2C8E /* CubeByDraggingPlugin.swift in Sources */ = {isa = PBXBuildFile; fileRef = 4A895F092052791100CC2C8E /* CubeByDraggingPlugin.swift */; };
		4A895F0C2052D46000CC2C8E /* CubeByExtractionPlugin.swift in Sources */ = {isa = PBXBuildFile; fileRef = 4A895F0B2052D46000CC2C8E /* CubeByExtractionPlugin.swift */; };
		4AC711C7204EDCBE00CD4239 /* SettingsTableViewController.swift in Sources */ = {isa = PBXBuildFile; fileRef = 4AC711C6204EDCBE00CD4239 /* SettingsTableViewController.swift */; };
		4AC711C9204FDCE800CD4239 /* BluetoothDeviceListTableViewController.swift in Sources */ = {isa = PBXBuildFile; fileRef = 4AC711C8204FDCE800CD4239 /* BluetoothDeviceListTableViewController.swift */; };
		AA93510A224245CE002AEB00 /* ARMenusPlugin.swift in Sources */ = {isa = PBXBuildFile; fileRef = AA935109224245CE002AEB00 /* ARMenusPlugin.swift */; };
		AA93510C2242460D002AEB00 /* ARMenusSupportFile.swift in Sources */ = {isa = PBXBuildFile; fileRef = AA93510B2242460D002AEB00 /* ARMenusSupportFile.swift */; };
		DC18B2BC202384D700884920 /* UserDefaultsKeys.swift in Sources */ = {isa = PBXBuildFile; fileRef = DC18B2BB202384D700884920 /* UserDefaultsKeys.swift */; };
		DC28B440200E4353008B77AB /* AppDelegate.swift in Sources */ = {isa = PBXBuildFile; fileRef = DC28B43F200E4353008B77AB /* AppDelegate.swift */; };
		DC28B442200E4353008B77AB /* art.scnassets in Resources */ = {isa = PBXBuildFile; fileRef = DC28B441200E4353008B77AB /* art.scnassets */; };
		DC28B444200E4353008B77AB /* ViewController.swift in Sources */ = {isa = PBXBuildFile; fileRef = DC28B443200E4353008B77AB /* ViewController.swift */; };
		DC28B447200E4353008B77AB /* Main.storyboard in Resources */ = {isa = PBXBuildFile; fileRef = DC28B445200E4353008B77AB /* Main.storyboard */; };
		DC28B449200E4353008B77AB /* Assets.xcassets in Resources */ = {isa = PBXBuildFile; fileRef = DC28B448200E4353008B77AB /* Assets.xcassets */; };
		DC28B44C200E4353008B77AB /* LaunchScreen.storyboard in Resources */ = {isa = PBXBuildFile; fileRef = DC28B44A200E4353008B77AB /* LaunchScreen.storyboard */; };
		DC28B454200E4389008B77AB /* ARManager.swift in Sources */ = {isa = PBXBuildFile; fileRef = DC28B453200E4389008B77AB /* ARManager.swift */; };
		DC28B45C200E4470008B77AB /* OpenCVWrapper.mm in Sources */ = {isa = PBXBuildFile; fileRef = DC28B45B200E4470008B77AB /* OpenCVWrapper.mm */; };
		DC28B45F200E4561008B77AB /* PenManager.swift in Sources */ = {isa = PBXBuildFile; fileRef = DC28B45E200E4561008B77AB /* PenManager.swift */; };
		DC28B461200E46DC008B77AB /* Plugin.swift in Sources */ = {isa = PBXBuildFile; fileRef = DC28B460200E46DC008B77AB /* Plugin.swift */; };
		DC28B463200E471F008B77AB /* PluginManager.swift in Sources */ = {isa = PBXBuildFile; fileRef = DC28B462200E471F008B77AB /* PluginManager.swift */; };
		DC28B465200E4825008B77AB /* PenScene.swift in Sources */ = {isa = PBXBuildFile; fileRef = DC28B464200E4825008B77AB /* PenScene.swift */; };
		DC28B467200E4BF1008B77AB /* PaintPlugin.swift in Sources */ = {isa = PBXBuildFile; fileRef = DC28B466200E4BF1008B77AB /* PaintPlugin.swift */; };
		DC28B469200E4C43008B77AB /* CylinderLine.swift in Sources */ = {isa = PBXBuildFile; fileRef = DC28B468200E4C43008B77AB /* CylinderLine.swift */; };
		DC28B46B200E4C78008B77AB /* Button.swift in Sources */ = {isa = PBXBuildFile; fileRef = DC28B46A200E4C78008B77AB /* Button.swift */; };
		DC28B46D200E4E6E008B77AB /* MarkerBox.swift in Sources */ = {isa = PBXBuildFile; fileRef = DC28B46C200E4E6E008B77AB /* MarkerBox.swift */; };
		DC28B471200E592C008B77AB /* DegreesToRadians.swift in Sources */ = {isa = PBXBuildFile; fileRef = DC28B470200E592C008B77AB /* DegreesToRadians.swift */; };
		DC28B473200E6025008B77AB /* SCNVector3Extensions.swift in Sources */ = {isa = PBXBuildFile; fileRef = DC28B472200E6025008B77AB /* SCNVector3Extensions.swift */; };
		DC28B475200E64B7008B77AB /* ObjectCreationPlugin.swift in Sources */ = {isa = PBXBuildFile; fileRef = DC28B474200E64B7008B77AB /* ObjectCreationPlugin.swift */; };
		E983D24622ABEDBB0000B8D5 /* SphereByDraggingPlugin.swift in Sources */ = {isa = PBXBuildFile; fileRef = E983D24522ABEDBB0000B8D5 /* SphereByDraggingPlugin.swift */; };
		E983D24822ABF3830000B8D5 /* CylinderByDraggingPlugin.swift in Sources */ = {isa = PBXBuildFile; fileRef = E983D24722ABF3830000B8D5 /* CylinderByDraggingPlugin.swift */; };
		E983D24A22ABFE680000B8D5 /* PyramidByDraggingPlugin.swift in Sources */ = {isa = PBXBuildFile; fileRef = E983D24922ABFE680000B8D5 /* PyramidByDraggingPlugin.swift */; };
		EA0C795F22F078EE00E820E8 /* ARPenStudyNode.swift in Sources */ = {isa = PBXBuildFile; fileRef = EA0C795922F078EE00E820E8 /* ARPenStudyNode.swift */; };
		EA0C796022F078EE00E820E8 /* ARPenSceneConstructor.swift in Sources */ = {isa = PBXBuildFile; fileRef = EA0C795A22F078EE00E820E8 /* ARPenSceneConstructor.swift */; };
		EA0C796122F078EE00E820E8 /* ARPenGridSceneConstructor.swift in Sources */ = {isa = PBXBuildFile; fileRef = EA0C795B22F078EE00E820E8 /* ARPenGridSceneConstructor.swift */; };
		EA0C796222F078EE00E820E8 /* ARPenWireBoxNode.swift in Sources */ = {isa = PBXBuildFile; fileRef = EA0C795C22F078EE00E820E8 /* ARPenWireBoxNode.swift */; };
		EA0C796322F078EE00E820E8 /* ARPenDropTargetNode.swift in Sources */ = {isa = PBXBuildFile; fileRef = EA0C795D22F078EE00E820E8 /* ARPenDropTargetNode.swift */; };
		EA0C796422F078EE00E820E8 /* ARPenBoxNode.swift in Sources */ = {isa = PBXBuildFile; fileRef = EA0C795E22F078EE00E820E8 /* ARPenBoxNode.swift */; };
/* End PBXBuildFile section */

/* Begin PBXCopyFilesBuildPhase section */
		4A8EF891203AE2FA00E53E85 /* Embed Frameworks */ = {
			isa = PBXCopyFilesBuildPhase;
			buildActionMask = 2147483647;
			dstPath = "";
			dstSubfolderSpec = 10;
			files = (
			);
			name = "Embed Frameworks";
			runOnlyForDeploymentPostprocessing = 0;
		};
/* End PBXCopyFilesBuildPhase section */

/* Begin PBXFileReference section */
		4A27E27C239FCEA800C4BF75 /* NotificationName.swift */ = {isa = PBXFileReference; lastKnownFileType = sourcecode.swift; path = NotificationName.swift; sourceTree = "<group>"; };
		4A27E27E239FF36D00C4BF75 /* PassthroughView.swift */ = {isa = PBXFileReference; lastKnownFileType = sourcecode.swift; path = PassthroughView.swift; sourceTree = "<group>"; };
		4A56952D2058186800C8065E /* aruco.framework */ = {isa = PBXFileReference; lastKnownFileType = wrapper.framework; path = aruco.framework; sourceTree = "<group>"; };
		4A56952E2058186800C8065E /* opencv2.framework */ = {isa = PBXFileReference; lastKnownFileType = wrapper.framework; path = opencv2.framework; sourceTree = "<group>"; };
		4A5695312058192B00C8065E /* UserStudyIDListTableViewController.swift */ = {isa = PBXFileReference; lastKnownFileType = sourcecode.swift; path = UserStudyIDListTableViewController.swift; sourceTree = "<group>"; };
		4A5695332058195200C8065E /* UserStudyRecordsListTableViewController.swift */ = {isa = PBXFileReference; lastKnownFileType = sourcecode.swift; path = UserStudyRecordsListTableViewController.swift; sourceTree = "<group>"; };
		4A56953620581B4500C8065E /* UserStudyRecord.swift */ = {isa = PBXFileReference; lastKnownFileType = sourcecode.swift; path = UserStudyRecord.swift; sourceTree = "<group>"; };
		4A56953820581B6700C8065E /* UserStudyRecordManager.swift */ = {isa = PBXFileReference; lastKnownFileType = sourcecode.swift; path = UserStudyRecordManager.swift; sourceTree = "<group>"; };
		4A56953A20581B9000C8065E /* UserStudyRecordPluginProtocol.swift */ = {isa = PBXFileReference; lastKnownFileType = sourcecode.swift; path = UserStudyRecordPluginProtocol.swift; sourceTree = "<group>"; };
		4A59BA1D2244E66D00EA23E7 /* TranslationDemoPlugin.swift */ = {isa = PBXFileReference; fileEncoding = 4; lastKnownFileType = sourcecode.swift; path = TranslationDemoPlugin.swift; sourceTree = "<group>"; };
		4A59BA252244E69400EA23E7 /* CombinationPlugin.swift */ = {isa = PBXFileReference; fileEncoding = 4; lastKnownFileType = sourcecode.swift; path = CombinationPlugin.swift; sourceTree = "<group>"; };
		4A895F092052791100CC2C8E /* CubeByDraggingPlugin.swift */ = {isa = PBXFileReference; lastKnownFileType = sourcecode.swift; path = CubeByDraggingPlugin.swift; sourceTree = "<group>"; };
		4A895F0B2052D46000CC2C8E /* CubeByExtractionPlugin.swift */ = {isa = PBXFileReference; lastKnownFileType = sourcecode.swift; path = CubeByExtractionPlugin.swift; sourceTree = "<group>"; };
		4AC0B97D226F2B3F001B591D /* ARPen.entitlements */ = {isa = PBXFileReference; lastKnownFileType = text.plist.entitlements; path = ARPen.entitlements; sourceTree = "<group>"; };
		4AC711C6204EDCBE00CD4239 /* SettingsTableViewController.swift */ = {isa = PBXFileReference; lastKnownFileType = sourcecode.swift; path = SettingsTableViewController.swift; sourceTree = "<group>"; };
		4AC711C8204FDCE800CD4239 /* BluetoothDeviceListTableViewController.swift */ = {isa = PBXFileReference; lastKnownFileType = sourcecode.swift; path = BluetoothDeviceListTableViewController.swift; sourceTree = "<group>"; };
		AA935109224245CE002AEB00 /* ARMenusPlugin.swift */ = {isa = PBXFileReference; lastKnownFileType = sourcecode.swift; path = ARMenusPlugin.swift; sourceTree = "<group>"; };
		AA93510B2242460D002AEB00 /* ARMenusSupportFile.swift */ = {isa = PBXFileReference; lastKnownFileType = sourcecode.swift; path = ARMenusSupportFile.swift; sourceTree = "<group>"; };
		DC18B2BB202384D700884920 /* UserDefaultsKeys.swift */ = {isa = PBXFileReference; lastKnownFileType = sourcecode.swift; path = UserDefaultsKeys.swift; sourceTree = "<group>"; };
		DC28B43C200E4353008B77AB /* ARPen.app */ = {isa = PBXFileReference; explicitFileType = wrapper.application; includeInIndex = 0; path = ARPen.app; sourceTree = BUILT_PRODUCTS_DIR; };
		DC28B43F200E4353008B77AB /* AppDelegate.swift */ = {isa = PBXFileReference; lastKnownFileType = sourcecode.swift; path = AppDelegate.swift; sourceTree = "<group>"; };
		DC28B441200E4353008B77AB /* art.scnassets */ = {isa = PBXFileReference; lastKnownFileType = wrapper.scnassets; path = art.scnassets; sourceTree = "<group>"; };
		DC28B443200E4353008B77AB /* ViewController.swift */ = {isa = PBXFileReference; lastKnownFileType = sourcecode.swift; path = ViewController.swift; sourceTree = "<group>"; };
		DC28B446200E4353008B77AB /* Base */ = {isa = PBXFileReference; lastKnownFileType = file.storyboard; name = Base; path = Base.lproj/Main.storyboard; sourceTree = "<group>"; };
		DC28B448200E4353008B77AB /* Assets.xcassets */ = {isa = PBXFileReference; lastKnownFileType = folder.assetcatalog; path = Assets.xcassets; sourceTree = "<group>"; };
		DC28B44B200E4353008B77AB /* Base */ = {isa = PBXFileReference; lastKnownFileType = file.storyboard; name = Base; path = Base.lproj/LaunchScreen.storyboard; sourceTree = "<group>"; };
		DC28B44D200E4353008B77AB /* Info.plist */ = {isa = PBXFileReference; lastKnownFileType = text.plist.xml; path = Info.plist; sourceTree = "<group>"; };
		DC28B453200E4389008B77AB /* ARManager.swift */ = {isa = PBXFileReference; lastKnownFileType = sourcecode.swift; path = ARManager.swift; sourceTree = "<group>"; };
		DC28B459200E446F008B77AB /* ARPen-Bridging-Header.h */ = {isa = PBXFileReference; lastKnownFileType = sourcecode.c.h; path = "ARPen-Bridging-Header.h"; sourceTree = "<group>"; };
		DC28B45A200E4470008B77AB /* OpenCVWrapper.h */ = {isa = PBXFileReference; fileEncoding = 4; lastKnownFileType = sourcecode.c.h; path = OpenCVWrapper.h; sourceTree = "<group>"; };
		DC28B45B200E4470008B77AB /* OpenCVWrapper.mm */ = {isa = PBXFileReference; fileEncoding = 4; lastKnownFileType = sourcecode.cpp.objcpp; path = OpenCVWrapper.mm; sourceTree = "<group>"; };
		DC28B45E200E4561008B77AB /* PenManager.swift */ = {isa = PBXFileReference; lastKnownFileType = sourcecode.swift; path = PenManager.swift; sourceTree = "<group>"; };
		DC28B460200E46DC008B77AB /* Plugin.swift */ = {isa = PBXFileReference; lastKnownFileType = sourcecode.swift; path = Plugin.swift; sourceTree = "<group>"; };
		DC28B462200E471F008B77AB /* PluginManager.swift */ = {isa = PBXFileReference; lastKnownFileType = sourcecode.swift; path = PluginManager.swift; sourceTree = "<group>"; };
		DC28B464200E4825008B77AB /* PenScene.swift */ = {isa = PBXFileReference; lastKnownFileType = sourcecode.swift; path = PenScene.swift; sourceTree = "<group>"; };
		DC28B466200E4BF1008B77AB /* PaintPlugin.swift */ = {isa = PBXFileReference; lastKnownFileType = sourcecode.swift; path = PaintPlugin.swift; sourceTree = "<group>"; };
		DC28B468200E4C43008B77AB /* CylinderLine.swift */ = {isa = PBXFileReference; fileEncoding = 4; lastKnownFileType = sourcecode.swift; path = CylinderLine.swift; sourceTree = "<group>"; };
		DC28B46A200E4C78008B77AB /* Button.swift */ = {isa = PBXFileReference; lastKnownFileType = sourcecode.swift; path = Button.swift; sourceTree = "<group>"; };
		DC28B46C200E4E6E008B77AB /* MarkerBox.swift */ = {isa = PBXFileReference; lastKnownFileType = sourcecode.swift; path = MarkerBox.swift; sourceTree = "<group>"; };
		DC28B470200E592C008B77AB /* DegreesToRadians.swift */ = {isa = PBXFileReference; lastKnownFileType = sourcecode.swift; path = DegreesToRadians.swift; sourceTree = "<group>"; };
		DC28B472200E6025008B77AB /* SCNVector3Extensions.swift */ = {isa = PBXFileReference; lastKnownFileType = sourcecode.swift; path = SCNVector3Extensions.swift; sourceTree = "<group>"; };
		DC28B474200E64B7008B77AB /* ObjectCreationPlugin.swift */ = {isa = PBXFileReference; lastKnownFileType = sourcecode.swift; path = ObjectCreationPlugin.swift; sourceTree = "<group>"; };
		DCE5A37E202F504B005F4186 /* README.md */ = {isa = PBXFileReference; fileEncoding = 4; lastKnownFileType = net.daringfireball.markdown; name = README.md; path = ../README.md; sourceTree = "<group>"; };
		E983D24522ABEDBB0000B8D5 /* SphereByDraggingPlugin.swift */ = {isa = PBXFileReference; lastKnownFileType = sourcecode.swift; path = SphereByDraggingPlugin.swift; sourceTree = "<group>"; };
		E983D24722ABF3830000B8D5 /* CylinderByDraggingPlugin.swift */ = {isa = PBXFileReference; lastKnownFileType = sourcecode.swift; path = CylinderByDraggingPlugin.swift; sourceTree = "<group>"; };
		E983D24922ABFE680000B8D5 /* PyramidByDraggingPlugin.swift */ = {isa = PBXFileReference; lastKnownFileType = sourcecode.swift; path = PyramidByDraggingPlugin.swift; sourceTree = "<group>"; };
		EA0C795922F078EE00E820E8 /* ARPenStudyNode.swift */ = {isa = PBXFileReference; fileEncoding = 4; lastKnownFileType = sourcecode.swift; path = ARPenStudyNode.swift; sourceTree = "<group>"; };
		EA0C795A22F078EE00E820E8 /* ARPenSceneConstructor.swift */ = {isa = PBXFileReference; fileEncoding = 4; lastKnownFileType = sourcecode.swift; path = ARPenSceneConstructor.swift; sourceTree = "<group>"; };
		EA0C795B22F078EE00E820E8 /* ARPenGridSceneConstructor.swift */ = {isa = PBXFileReference; fileEncoding = 4; lastKnownFileType = sourcecode.swift; path = ARPenGridSceneConstructor.swift; sourceTree = "<group>"; };
		EA0C795C22F078EE00E820E8 /* ARPenWireBoxNode.swift */ = {isa = PBXFileReference; fileEncoding = 4; lastKnownFileType = sourcecode.swift; path = ARPenWireBoxNode.swift; sourceTree = "<group>"; };
		EA0C795D22F078EE00E820E8 /* ARPenDropTargetNode.swift */ = {isa = PBXFileReference; fileEncoding = 4; lastKnownFileType = sourcecode.swift; path = ARPenDropTargetNode.swift; sourceTree = "<group>"; };
		EA0C795E22F078EE00E820E8 /* ARPenBoxNode.swift */ = {isa = PBXFileReference; fileEncoding = 4; lastKnownFileType = sourcecode.swift; path = ARPenBoxNode.swift; sourceTree = "<group>"; };
/* End PBXFileReference section */

/* Begin PBXFrameworksBuildPhase section */
		DC28B439200E4353008B77AB /* Frameworks */ = {
			isa = PBXFrameworksBuildPhase;
			buildActionMask = 2147483647;
			files = (
				4A56952F2058186800C8065E /* aruco.framework in Frameworks */,
				4A5695302058186800C8065E /* opencv2.framework in Frameworks */,
			);
			runOnlyForDeploymentPostprocessing = 0;
		};
/* End PBXFrameworksBuildPhase section */

/* Begin PBXGroup section */
		4A4B7F1B205817A200331810 /* SettingsViewControllers */ = {
			isa = PBXGroup;
			children = (
				4AC711C6204EDCBE00CD4239 /* SettingsTableViewController.swift */,
				4AC711C8204FDCE800CD4239 /* BluetoothDeviceListTableViewController.swift */,
				4A5695312058192B00C8065E /* UserStudyIDListTableViewController.swift */,
				4A5695332058195200C8065E /* UserStudyRecordsListTableViewController.swift */,
			);
			path = SettingsViewControllers;
			sourceTree = "<group>";
		};
		4A56953520581AF300C8065E /* UserStudyData */ = {
			isa = PBXGroup;
			children = (
				4A56953620581B4500C8065E /* UserStudyRecord.swift */,
				4A56953820581B6700C8065E /* UserStudyRecordManager.swift */,
				4A56953A20581B9000C8065E /* UserStudyRecordPluginProtocol.swift */,
			);
			path = UserStudyData;
			sourceTree = "<group>";
		};
		DC18B2B820237A7200884920 /* Frameworks */ = {
			isa = PBXGroup;
			children = (
				4A56952D2058186800C8065E /* aruco.framework */,
				4A56952E2058186800C8065E /* opencv2.framework */,
			);
			name = Frameworks;
			sourceTree = "<group>";
		};
		DC28B433200E4353008B77AB = {
			isa = PBXGroup;
			children = (
				DCE5A37E202F504B005F4186 /* README.md */,
				DC28B43E200E4353008B77AB /* ARPen */,
				DC28B43D200E4353008B77AB /* Products */,
				DC18B2B820237A7200884920 /* Frameworks */,
			);
			sourceTree = "<group>";
		};
		DC28B43D200E4353008B77AB /* Products */ = {
			isa = PBXGroup;
			children = (
				DC28B43C200E4353008B77AB /* ARPen.app */,
			);
			name = Products;
			sourceTree = "<group>";
		};
		DC28B43E200E4353008B77AB /* ARPen */ = {
			isa = PBXGroup;
			children = (
				4AC0B97D226F2B3F001B591D /* ARPen.entitlements */,
				DC28B43F200E4353008B77AB /* AppDelegate.swift */,
				DC28B443200E4353008B77AB /* ViewController.swift */,
				4A4B7F1B205817A200331810 /* SettingsViewControllers */,
				DC18B2BB202384D700884920 /* UserDefaultsKeys.swift */,
				DC28B464200E4825008B77AB /* PenScene.swift */,
				DC28B453200E4389008B77AB /* ARManager.swift */,
				DC28B45E200E4561008B77AB /* PenManager.swift */,
				DC28B46A200E4C78008B77AB /* Button.swift */,
				DC28B46C200E4E6E008B77AB /* MarkerBox.swift */,
				DC28B462200E471F008B77AB /* PluginManager.swift */,
				DC28B476200E64C0008B77AB /* Plugins */,
				4A56953520581AF300C8065E /* UserStudyData */,
				EA0C795822F0787300E820E8 /* UserStudySetup */,
				DC28B477200E6640008B77AB /* Extensions And Helpers */,
				DC28B45D200E4476008B77AB /* OpenCV */,
				DC28B445200E4353008B77AB /* Main.storyboard */,
				DC28B448200E4353008B77AB /* Assets.xcassets */,
				DC28B441200E4353008B77AB /* art.scnassets */,
				DC28B44A200E4353008B77AB /* LaunchScreen.storyboard */,
				DC28B44D200E4353008B77AB /* Info.plist */,
				DC28B459200E446F008B77AB /* ARPen-Bridging-Header.h */,
			);
			path = ARPen;
			sourceTree = "<group>";
		};
		DC28B45D200E4476008B77AB /* OpenCV */ = {
			isa = PBXGroup;
			children = (
				DC28B45A200E4470008B77AB /* OpenCVWrapper.h */,
				DC28B45B200E4470008B77AB /* OpenCVWrapper.mm */,
			);
			path = OpenCV;
			sourceTree = "<group>";
		};
		DC28B476200E64C0008B77AB /* Plugins */ = {
			isa = PBXGroup;
			children = (
				DC28B460200E46DC008B77AB /* Plugin.swift */,
				DC28B466200E4BF1008B77AB /* PaintPlugin.swift */,
				DC28B474200E64B7008B77AB /* ObjectCreationPlugin.swift */,
				4A895F092052791100CC2C8E /* CubeByDraggingPlugin.swift */,
				4A895F0B2052D46000CC2C8E /* CubeByExtractionPlugin.swift */,
				AA935109224245CE002AEB00 /* ARMenusPlugin.swift */,
				4A59BA1D2244E66D00EA23E7 /* TranslationDemoPlugin.swift */,
				4A59BA252244E69400EA23E7 /* CombinationPlugin.swift */,
				E983D24522ABEDBB0000B8D5 /* SphereByDraggingPlugin.swift */,
				E983D24722ABF3830000B8D5 /* CylinderByDraggingPlugin.swift */,
				E983D24922ABFE680000B8D5 /* PyramidByDraggingPlugin.swift */,
			);
			path = Plugins;
			sourceTree = "<group>";
		};
		DC28B477200E6640008B77AB /* Extensions And Helpers */ = {
			isa = PBXGroup;
			children = (
				DC28B468200E4C43008B77AB /* CylinderLine.swift */,
				DC28B472200E6025008B77AB /* SCNVector3Extensions.swift */,
				DC28B470200E592C008B77AB /* DegreesToRadians.swift */,
				AA93510B2242460D002AEB00 /* ARMenusSupportFile.swift */,
				4A27E27C239FCEA800C4BF75 /* NotificationName.swift */,
				4A27E27E239FF36D00C4BF75 /* PassthroughView.swift */,
			);
			path = "Extensions And Helpers";
			sourceTree = "<group>";
		};
		EA0C795822F0787300E820E8 /* UserStudySetup */ = {
			isa = PBXGroup;
			children = (
				EA0C795E22F078EE00E820E8 /* ARPenBoxNode.swift */,
				EA0C795D22F078EE00E820E8 /* ARPenDropTargetNode.swift */,
				EA0C795B22F078EE00E820E8 /* ARPenGridSceneConstructor.swift */,
				EA0C795A22F078EE00E820E8 /* ARPenSceneConstructor.swift */,
				EA0C795922F078EE00E820E8 /* ARPenStudyNode.swift */,
				EA0C795C22F078EE00E820E8 /* ARPenWireBoxNode.swift */,
			);
			path = UserStudySetup;
			sourceTree = "<group>";
		};
/* End PBXGroup section */

/* Begin PBXNativeTarget section */
		DC28B43B200E4353008B77AB /* ARPen */ = {
			isa = PBXNativeTarget;
			buildConfigurationList = DC28B450200E4353008B77AB /* Build configuration list for PBXNativeTarget "ARPen" */;
			buildPhases = (
				DC28B438200E4353008B77AB /* Sources */,
				DC28B439200E4353008B77AB /* Frameworks */,
				DC28B43A200E4353008B77AB /* Resources */,
				4A8EF891203AE2FA00E53E85 /* Embed Frameworks */,
			);
			buildRules = (
			);
			dependencies = (
			);
			name = ARPen;
			productName = ARPen;
			productReference = DC28B43C200E4353008B77AB /* ARPen.app */;
			productType = "com.apple.product-type.application";
		};
/* End PBXNativeTarget section */

/* Begin PBXProject section */
		DC28B434200E4353008B77AB /* Project object */ = {
			isa = PBXProject;
			attributes = {
				LastSwiftUpdateCheck = 0920;
				LastUpgradeCheck = 0920;
				ORGANIZATIONNAME = "RWTH Aachen";
				TargetAttributes = {
					DC28B43B200E4353008B77AB = {
						CreatedOnToolsVersion = 9.2;
						LastSwiftMigration = 0920;
						ProvisioningStyle = Automatic;
						SystemCapabilities = {
							com.apple.iCloud = {
								enabled = 0;
							};
						};
					};
				};
			};
			buildConfigurationList = DC28B437200E4353008B77AB /* Build configuration list for PBXProject "ARPen" */;
			compatibilityVersion = "Xcode 8.0";
			developmentRegion = en;
			hasScannedForEncodings = 0;
			knownRegions = (
				en,
				Base,
			);
			mainGroup = DC28B433200E4353008B77AB;
			productRefGroup = DC28B43D200E4353008B77AB /* Products */;
			projectDirPath = "";
			projectRoot = "";
			targets = (
				DC28B43B200E4353008B77AB /* ARPen */,
			);
		};
/* End PBXProject section */

/* Begin PBXResourcesBuildPhase section */
		DC28B43A200E4353008B77AB /* Resources */ = {
			isa = PBXResourcesBuildPhase;
			buildActionMask = 2147483647;
			files = (
				DC28B442200E4353008B77AB /* art.scnassets in Resources */,
				DC28B44C200E4353008B77AB /* LaunchScreen.storyboard in Resources */,
				DC28B449200E4353008B77AB /* Assets.xcassets in Resources */,
				DC28B447200E4353008B77AB /* Main.storyboard in Resources */,
			);
			runOnlyForDeploymentPostprocessing = 0;
		};
/* End PBXResourcesBuildPhase section */

/* Begin PBXSourcesBuildPhase section */
		DC28B438200E4353008B77AB /* Sources */ = {
			isa = PBXSourcesBuildPhase;
			buildActionMask = 2147483647;
			files = (
				DC28B461200E46DC008B77AB /* Plugin.swift in Sources */,
				E983D24622ABEDBB0000B8D5 /* SphereByDraggingPlugin.swift in Sources */,
				EA0C796122F078EE00E820E8 /* ARPenGridSceneConstructor.swift in Sources */,
				4A56953B20581B9000C8065E /* UserStudyRecordPluginProtocol.swift in Sources */,
				4A895F0A2052791100CC2C8E /* CubeByDraggingPlugin.swift in Sources */,
				4A5695342058195200C8065E /* UserStudyRecordsListTableViewController.swift in Sources */,
				DC28B45F200E4561008B77AB /* PenManager.swift in Sources */,
				EA0C796222F078EE00E820E8 /* ARPenWireBoxNode.swift in Sources */,
				4A56953920581B6700C8065E /* UserStudyRecordManager.swift in Sources */,
				DC28B465200E4825008B77AB /* PenScene.swift in Sources */,
				4AC711C9204FDCE800CD4239 /* BluetoothDeviceListTableViewController.swift in Sources */,
				4A27E27F239FF36D00C4BF75 /* PassthroughView.swift in Sources */,
				DC18B2BC202384D700884920 /* UserDefaultsKeys.swift in Sources */,
				E983D24A22ABFE680000B8D5 /* PyramidByDraggingPlugin.swift in Sources */,
				DC28B45C200E4470008B77AB /* OpenCVWrapper.mm in Sources */,
				DC28B444200E4353008B77AB /* ViewController.swift in Sources */,
				EA0C796422F078EE00E820E8 /* ARPenBoxNode.swift in Sources */,
				AA93510A224245CE002AEB00 /* ARMenusPlugin.swift in Sources */,
				4A59BA1E2244E66D00EA23E7 /* TranslationDemoPlugin.swift in Sources */,
				4A59BA262244E69400EA23E7 /* CombinationPlugin.swift in Sources */,
				DC28B46D200E4E6E008B77AB /* MarkerBox.swift in Sources */,
				DC28B469200E4C43008B77AB /* CylinderLine.swift in Sources */,
				AA93510C2242460D002AEB00 /* ARMenusSupportFile.swift in Sources */,
				4A27E27D239FCEA800C4BF75 /* NotificationName.swift in Sources */,
				EA0C796322F078EE00E820E8 /* ARPenDropTargetNode.swift in Sources */,
				4A895F0C2052D46000CC2C8E /* CubeByExtractionPlugin.swift in Sources */,
				DC28B454200E4389008B77AB /* ARManager.swift in Sources */,
				4A5695322058192B00C8065E /* UserStudyIDListTableViewController.swift in Sources */,
				4A56953720581B4500C8065E /* UserStudyRecord.swift in Sources */,
				DC28B475200E64B7008B77AB /* ObjectCreationPlugin.swift in Sources */,
				DC28B473200E6025008B77AB /* SCNVector3Extensions.swift in Sources */,
				DC28B440200E4353008B77AB /* AppDelegate.swift in Sources */,
				DC28B463200E471F008B77AB /* PluginManager.swift in Sources */,
				DC28B467200E4BF1008B77AB /* PaintPlugin.swift in Sources */,
				E983D24822ABF3830000B8D5 /* CylinderByDraggingPlugin.swift in Sources */,
				EA0C795F22F078EE00E820E8 /* ARPenStudyNode.swift in Sources */,
				4AC711C7204EDCBE00CD4239 /* SettingsTableViewController.swift in Sources */,
				DC28B46B200E4C78008B77AB /* Button.swift in Sources */,
				EA0C796022F078EE00E820E8 /* ARPenSceneConstructor.swift in Sources */,
				DC28B471200E592C008B77AB /* DegreesToRadians.swift in Sources */,
			);
			runOnlyForDeploymentPostprocessing = 0;
		};
/* End PBXSourcesBuildPhase section */

/* Begin PBXVariantGroup section */
		DC28B445200E4353008B77AB /* Main.storyboard */ = {
			isa = PBXVariantGroup;
			children = (
				DC28B446200E4353008B77AB /* Base */,
			);
			name = Main.storyboard;
			sourceTree = "<group>";
		};
		DC28B44A200E4353008B77AB /* LaunchScreen.storyboard */ = {
			isa = PBXVariantGroup;
			children = (
				DC28B44B200E4353008B77AB /* Base */,
			);
			name = LaunchScreen.storyboard;
			sourceTree = "<group>";
		};
/* End PBXVariantGroup section */

/* Begin XCBuildConfiguration section */
		DC28B44E200E4353008B77AB /* Debug */ = {
			isa = XCBuildConfiguration;
			buildSettings = {
				ALWAYS_SEARCH_USER_PATHS = NO;
				CLANG_ANALYZER_NONNULL = YES;
				CLANG_ANALYZER_NUMBER_OBJECT_CONVERSION = YES_AGGRESSIVE;
				CLANG_CXX_LANGUAGE_STANDARD = "gnu++14";
				CLANG_CXX_LIBRARY = "libc++";
				CLANG_ENABLE_MODULES = YES;
				CLANG_ENABLE_OBJC_ARC = YES;
				CLANG_WARN_BLOCK_CAPTURE_AUTORELEASING = YES;
				CLANG_WARN_BOOL_CONVERSION = YES;
				CLANG_WARN_COMMA = YES;
				CLANG_WARN_CONSTANT_CONVERSION = YES;
				CLANG_WARN_DIRECT_OBJC_ISA_USAGE = YES_ERROR;
				CLANG_WARN_DOCUMENTATION_COMMENTS = YES;
				CLANG_WARN_EMPTY_BODY = YES;
				CLANG_WARN_ENUM_CONVERSION = YES;
				CLANG_WARN_INFINITE_RECURSION = YES;
				CLANG_WARN_INT_CONVERSION = YES;
				CLANG_WARN_NON_LITERAL_NULL_CONVERSION = YES;
				CLANG_WARN_OBJC_LITERAL_CONVERSION = YES;
				CLANG_WARN_OBJC_ROOT_CLASS = YES_ERROR;
				CLANG_WARN_RANGE_LOOP_ANALYSIS = YES;
				CLANG_WARN_STRICT_PROTOTYPES = YES;
				CLANG_WARN_SUSPICIOUS_MOVE = YES;
				CLANG_WARN_UNGUARDED_AVAILABILITY = YES_AGGRESSIVE;
				CLANG_WARN_UNREACHABLE_CODE = YES;
				CLANG_WARN__DUPLICATE_METHOD_MATCH = YES;
				CODE_SIGN_IDENTITY = "iPhone Developer";
				COPY_PHASE_STRIP = NO;
				DEBUG_INFORMATION_FORMAT = dwarf;
				ENABLE_STRICT_OBJC_MSGSEND = YES;
				ENABLE_TESTABILITY = YES;
				GCC_C_LANGUAGE_STANDARD = gnu11;
				GCC_DYNAMIC_NO_PIC = NO;
				GCC_NO_COMMON_BLOCKS = YES;
				GCC_OPTIMIZATION_LEVEL = 0;
				GCC_PREPROCESSOR_DEFINITIONS = (
					"DEBUG=1",
					"$(inherited)",
				);
				GCC_WARN_64_TO_32_BIT_CONVERSION = YES;
				GCC_WARN_ABOUT_RETURN_TYPE = YES_ERROR;
				GCC_WARN_UNDECLARED_SELECTOR = YES;
				GCC_WARN_UNINITIALIZED_AUTOS = YES_AGGRESSIVE;
				GCC_WARN_UNUSED_FUNCTION = YES;
				GCC_WARN_UNUSED_VARIABLE = YES;
				IPHONEOS_DEPLOYMENT_TARGET = 11.2;
				MTL_ENABLE_DEBUG_INFO = YES;
				ONLY_ACTIVE_ARCH = YES;
				SDKROOT = iphoneos;
				SWIFT_ACTIVE_COMPILATION_CONDITIONS = DEBUG;
				SWIFT_OPTIMIZATION_LEVEL = "-Onone";
			};
			name = Debug;
		};
		DC28B44F200E4353008B77AB /* Release */ = {
			isa = XCBuildConfiguration;
			buildSettings = {
				ALWAYS_SEARCH_USER_PATHS = NO;
				CLANG_ANALYZER_NONNULL = YES;
				CLANG_ANALYZER_NUMBER_OBJECT_CONVERSION = YES_AGGRESSIVE;
				CLANG_CXX_LANGUAGE_STANDARD = "gnu++14";
				CLANG_CXX_LIBRARY = "libc++";
				CLANG_ENABLE_MODULES = YES;
				CLANG_ENABLE_OBJC_ARC = YES;
				CLANG_WARN_BLOCK_CAPTURE_AUTORELEASING = YES;
				CLANG_WARN_BOOL_CONVERSION = YES;
				CLANG_WARN_COMMA = YES;
				CLANG_WARN_CONSTANT_CONVERSION = YES;
				CLANG_WARN_DIRECT_OBJC_ISA_USAGE = YES_ERROR;
				CLANG_WARN_DOCUMENTATION_COMMENTS = YES;
				CLANG_WARN_EMPTY_BODY = YES;
				CLANG_WARN_ENUM_CONVERSION = YES;
				CLANG_WARN_INFINITE_RECURSION = YES;
				CLANG_WARN_INT_CONVERSION = YES;
				CLANG_WARN_NON_LITERAL_NULL_CONVERSION = YES;
				CLANG_WARN_OBJC_LITERAL_CONVERSION = YES;
				CLANG_WARN_OBJC_ROOT_CLASS = YES_ERROR;
				CLANG_WARN_RANGE_LOOP_ANALYSIS = YES;
				CLANG_WARN_STRICT_PROTOTYPES = YES;
				CLANG_WARN_SUSPICIOUS_MOVE = YES;
				CLANG_WARN_UNGUARDED_AVAILABILITY = YES_AGGRESSIVE;
				CLANG_WARN_UNREACHABLE_CODE = YES;
				CLANG_WARN__DUPLICATE_METHOD_MATCH = YES;
				CODE_SIGN_IDENTITY = "iPhone Developer";
				COPY_PHASE_STRIP = NO;
				DEBUG_INFORMATION_FORMAT = "dwarf-with-dsym";
				ENABLE_NS_ASSERTIONS = NO;
				ENABLE_STRICT_OBJC_MSGSEND = YES;
				GCC_C_LANGUAGE_STANDARD = gnu11;
				GCC_NO_COMMON_BLOCKS = YES;
				GCC_WARN_64_TO_32_BIT_CONVERSION = YES;
				GCC_WARN_ABOUT_RETURN_TYPE = YES_ERROR;
				GCC_WARN_UNDECLARED_SELECTOR = YES;
				GCC_WARN_UNINITIALIZED_AUTOS = YES_AGGRESSIVE;
				GCC_WARN_UNUSED_FUNCTION = YES;
				GCC_WARN_UNUSED_VARIABLE = YES;
				IPHONEOS_DEPLOYMENT_TARGET = 11.2;
				MTL_ENABLE_DEBUG_INFO = NO;
				SDKROOT = iphoneos;
				SWIFT_OPTIMIZATION_LEVEL = "-Owholemodule";
				VALIDATE_PRODUCT = YES;
			};
			name = Release;
		};
		DC28B451200E4353008B77AB /* Debug */ = {
			isa = XCBuildConfiguration;
			buildSettings = {
				ASSETCATALOG_COMPILER_APPICON_NAME = AppIcon;
				CLANG_ENABLE_MODULES = YES;
				CODE_SIGN_STYLE = Automatic;
				DEVELOPMENT_TEAM = 286L2EXR23;
				FRAMEWORK_SEARCH_PATHS = (
					"$(inherited)",
					"$(PROJECT_DIR)/ARPen",
					"$(PROJECT_DIR)",
				);
				INFOPLIST_FILE = ARPen/Info.plist;
				LD_RUNPATH_SEARCH_PATHS = "$(inherited) @executable_path/Frameworks";
				PRODUCT_BUNDLE_IDENTIFIER = "de.rwth-aachen.hci.arpen";
				PRODUCT_NAME = "$(TARGET_NAME)";
				SWIFT_OBJC_BRIDGING_HEADER = "ARPen/ARPen-Bridging-Header.h";
				SWIFT_OPTIMIZATION_LEVEL = "-Onone";
				SWIFT_VERSION = 4.0;
				TARGETED_DEVICE_FAMILY = 1;
			};
			name = Debug;
		};
		DC28B452200E4353008B77AB /* Release */ = {
			isa = XCBuildConfiguration;
			buildSettings = {
				ASSETCATALOG_COMPILER_APPICON_NAME = AppIcon;
				CLANG_ENABLE_MODULES = YES;
				CODE_SIGN_STYLE = Automatic;
				DEVELOPMENT_TEAM = 286L2EXR23;
				FRAMEWORK_SEARCH_PATHS = (
					"$(inherited)",
					"$(PROJECT_DIR)/ARPen",
					"$(PROJECT_DIR)",
				);
				INFOPLIST_FILE = ARPen/Info.plist;
				LD_RUNPATH_SEARCH_PATHS = "$(inherited) @executable_path/Frameworks";
				PRODUCT_BUNDLE_IDENTIFIER = "de.rwth-aachen.hci.arpen";
				PRODUCT_NAME = "$(TARGET_NAME)";
				SWIFT_OBJC_BRIDGING_HEADER = "ARPen/ARPen-Bridging-Header.h";
				SWIFT_VERSION = 4.0;
				TARGETED_DEVICE_FAMILY = 1;
			};
			name = Release;
		};
/* End XCBuildConfiguration section */

/* Begin XCConfigurationList section */
		DC28B437200E4353008B77AB /* Build configuration list for PBXProject "ARPen" */ = {
			isa = XCConfigurationList;
			buildConfigurations = (
				DC28B44E200E4353008B77AB /* Debug */,
				DC28B44F200E4353008B77AB /* Release */,
			);
			defaultConfigurationIsVisible = 0;
			defaultConfigurationName = Release;
		};
		DC28B450200E4353008B77AB /* Build configuration list for PBXNativeTarget "ARPen" */ = {
			isa = XCConfigurationList;
			buildConfigurations = (
				DC28B451200E4353008B77AB /* Debug */,
				DC28B452200E4353008B77AB /* Release */,
			);
			defaultConfigurationIsVisible = 0;
			defaultConfigurationName = Release;
		};
/* End XCConfigurationList section */
	};
	rootObject = DC28B434200E4353008B77AB /* Project object */;
}
